
Microsoft Visual Studio Solution File, Format Version 12.00
# Visual Studio Version 17
VisualStudioVersion = 17.4.33103.184
MinimumVisualStudioVersion = 10.0.40219.1
Project("{9A19103F-16F7-4668-BE54-9A1E7A4F7556}") = "Pizzeria", "Pizzeria\Pizzeria.csproj", "{DBC2880A-65E5-4C21-A524-0459D8EE3DD4}"
EndProject
Global
	GlobalSection(SolutionConfigurationPlatforms) = preSolution
		Debug|Any CPU = Debug|Any CPU
		Release|Any CPU = Release|Any CPU
	EndGlobalSection
	GlobalSection(ProjectConfigurationPlatforms) = postSolution
		{DBC2880A-65E5-4C21-A524-0459D8EE3DD4}.Debug|Any CPU.ActiveCfg = Debug|Any CPU
		{DBC2880A-65E5-4C21-A524-0459D8EE3DD4}.Debug|Any CPU.Build.0 = Debug|Any CPU
		{DBC2880A-65E5-4C21-A524-0459D8EE3DD4}.Release|Any CPU.ActiveCfg = Release|Any CPU
		{DBC2880A-65E5-4C21-A524-0459D8EE3DD4}.Release|Any CPU.Build.0 = Release|Any CPU
	EndGlobalSection
	GlobalSection(SolutionProperties) = preSolution
		HideSolutionNode = FALSE
	EndGlobalSection
	GlobalSection(ExtensibilityGlobals) = postSolution
		SolutionGuid = {78BE989A-DA38-4F4A-98A7-BA2C13C2B919}
	EndGlobalSection
EndGlobal
